// !$*UTF8*$!
{
	archiveVersion = 1;
	classes = {
	};
	objectVersion = 50;
	objects = {

/* Begin PBXBuildFile section */
		157D54F826FAB8A200F37078 /* SubjectModel.swift in Sources */ = {isa = PBXBuildFile; fileRef = 157D54F726FAB8A200F37078 /* SubjectModel.swift */; };
		157D54FC26FAD38700F37078 /* extension.swift in Sources */ = {isa = PBXBuildFile; fileRef = 157D54FB26FAD38700F37078 /* extension.swift */; };
		C66AE51F26FAA8CB00B81A3C /* AppDelegate.swift in Sources */ = {isa = PBXBuildFile; fileRef = C66AE51E26FAA8CB00B81A3C /* AppDelegate.swift */; };
		C66AE52126FAA8CB00B81A3C /* SceneDelegate.swift in Sources */ = {isa = PBXBuildFile; fileRef = C66AE52026FAA8CB00B81A3C /* SceneDelegate.swift */; };
		C66AE52626FAA8CB00B81A3C /* Main.storyboard in Resources */ = {isa = PBXBuildFile; fileRef = C66AE52426FAA8CB00B81A3C /* Main.storyboard */; };
		C66AE52926FAA8CB00B81A3C /* note_RMG_iOS.xcdatamodeld in Sources */ = {isa = PBXBuildFile; fileRef = C66AE52726FAA8CB00B81A3C /* note_RMG_iOS.xcdatamodeld */; };
		C66AE52B26FAA8CD00B81A3C /* Assets.xcassets in Resources */ = {isa = PBXBuildFile; fileRef = C66AE52A26FAA8CD00B81A3C /* Assets.xcassets */; };
		C66AE52E26FAA8CD00B81A3C /* LaunchScreen.storyboard in Resources */ = {isa = PBXBuildFile; fileRef = C66AE52C26FAA8CD00B81A3C /* LaunchScreen.storyboard */; };
		C66AE53626FAD0B400B81A3C /* CoreData.swift in Sources */ = {isa = PBXBuildFile; fileRef = C66AE53526FAD0B400B81A3C /* CoreData.swift */; };
		F971DF6E26FABCA600C3B052 /* SubjectViewController.swift in Sources */ = {isa = PBXBuildFile; fileRef = F971DF6D26FABCA600C3B052 /* SubjectViewController.swift */; };
		F971DF7D26FAC6EA00C3B052 /* Helper.swift in Sources */ = {isa = PBXBuildFile; fileRef = F971DF7C26FAC6EA00C3B052 /* Helper.swift */; };
		F971DF7E26FACA1300C3B052 /* SubjectCollectionCell.swift in Sources */ = {isa = PBXBuildFile; fileRef = F971DF7826FABF1000C3B052 /* SubjectCollectionCell.swift */; };
/* End PBXBuildFile section */

/* Begin PBXFileReference section */
		157D54F726FAB8A200F37078 /* SubjectModel.swift */ = {isa = PBXFileReference; lastKnownFileType = sourcecode.swift; path = SubjectModel.swift; sourceTree = "<group>"; };
		157D54FB26FAD38700F37078 /* extension.swift */ = {isa = PBXFileReference; lastKnownFileType = sourcecode.swift; path = extension.swift; sourceTree = "<group>"; };
		C66AE51B26FAA8CB00B81A3C /* note_RMG_iOS.app */ = {isa = PBXFileReference; explicitFileType = wrapper.application; includeInIndex = 0; path = note_RMG_iOS.app; sourceTree = BUILT_PRODUCTS_DIR; };
		C66AE51E26FAA8CB00B81A3C /* AppDelegate.swift */ = {isa = PBXFileReference; lastKnownFileType = sourcecode.swift; path = AppDelegate.swift; sourceTree = "<group>"; };
		C66AE52026FAA8CB00B81A3C /* SceneDelegate.swift */ = {isa = PBXFileReference; lastKnownFileType = sourcecode.swift; path = SceneDelegate.swift; sourceTree = "<group>"; };
		C66AE52526FAA8CB00B81A3C /* Base */ = {isa = PBXFileReference; lastKnownFileType = file.storyboard; name = Base; path = Base.lproj/Main.storyboard; sourceTree = "<group>"; };
		C66AE52826FAA8CB00B81A3C /* note_RMG_iOS.xcdatamodel */ = {isa = PBXFileReference; lastKnownFileType = wrapper.xcdatamodel; path = note_RMG_iOS.xcdatamodel; sourceTree = "<group>"; };
		C66AE52A26FAA8CD00B81A3C /* Assets.xcassets */ = {isa = PBXFileReference; lastKnownFileType = folder.assetcatalog; path = Assets.xcassets; sourceTree = "<group>"; };
		C66AE52D26FAA8CD00B81A3C /* Base */ = {isa = PBXFileReference; lastKnownFileType = file.storyboard; name = Base; path = Base.lproj/LaunchScreen.storyboard; sourceTree = "<group>"; };
		C66AE52F26FAA8CD00B81A3C /* Info.plist */ = {isa = PBXFileReference; lastKnownFileType = text.plist.xml; path = Info.plist; sourceTree = "<group>"; };
		C66AE53526FAD0B400B81A3C /* CoreData.swift */ = {isa = PBXFileReference; lastKnownFileType = sourcecode.swift; path = CoreData.swift; sourceTree = "<group>"; };
		F971DF6D26FABCA600C3B052 /* SubjectViewController.swift */ = {isa = PBXFileReference; lastKnownFileType = sourcecode.swift; path = SubjectViewController.swift; sourceTree = "<group>"; };
		F971DF7826FABF1000C3B052 /* SubjectCollectionCell.swift */ = {isa = PBXFileReference; lastKnownFileType = sourcecode.swift; path = SubjectCollectionCell.swift; sourceTree = "<group>"; };
		F971DF7926FABF1000C3B052 /* SubjectCollectionCell.xib */ = {isa = PBXFileReference; lastKnownFileType = file.xib; path = SubjectCollectionCell.xib; sourceTree = "<group>"; };
		F971DF7C26FAC6EA00C3B052 /* Helper.swift */ = {isa = PBXFileReference; lastKnownFileType = sourcecode.swift; path = Helper.swift; sourceTree = "<group>"; };
/* End PBXFileReference section */

/* Begin PBXFrameworksBuildPhase section */
		C66AE51826FAA8CB00B81A3C /* Frameworks */ = {
			isa = PBXFrameworksBuildPhase;
			buildActionMask = 2147483647;
			files = (
			);
			runOnlyForDeploymentPostprocessing = 0;
		};
/* End PBXFrameworksBuildPhase section */

/* Begin PBXGroup section */
		157D54F226FAB5D700F37078 /* SupportingFiles */ = {
			isa = PBXGroup;
			children = (
				C66AE52A26FAA8CD00B81A3C /* Assets.xcassets */,
				C66AE52026FAA8CB00B81A3C /* SceneDelegate.swift */,
				C66AE51E26FAA8CB00B81A3C /* AppDelegate.swift */,
			);
			path = SupportingFiles;
			sourceTree = "<group>";
		};
		157D54F326FAB5F300F37078 /* View */ = {
			isa = PBXGroup;
			children = (
				C66AE52426FAA8CB00B81A3C /* Main.storyboard */,
				C66AE52C26FAA8CD00B81A3C /* LaunchScreen.storyboard */,
			);
			path = View;
			sourceTree = "<group>";
		};
		157D54F426FAB60600F37078 /* Model */ = {
			isa = PBXGroup;
			children = (
				C66AE52726FAA8CB00B81A3C /* note_RMG_iOS.xcdatamodeld */,
			);
			path = Model;
			sourceTree = "<group>";
		};
		157D54F526FAB62300F37078 /* Controller */ = {
			isa = PBXGroup;
			children = (
				F971DF6D26FABCA600C3B052 /* SubjectViewController.swift */,
			);
			path = Controller;
			sourceTree = "<group>";
		};
		157D54F626FAB84F00F37078 /* Class */ = {
			isa = PBXGroup;
			children = (
				157D54F726FAB8A200F37078 /* SubjectModel.swift */,
			);
			path = Class;
			sourceTree = "<group>";
		};
		157D54FA26FAD34F00F37078 /* Helper */ = {
			isa = PBXGroup;
			children = (
				F971DF7C26FAC6EA00C3B052 /* Helper.swift */,
				157D54FB26FAD38700F37078 /* extension.swift */,
			);
			path = Helper;
			sourceTree = "<group>";
		};
		C66AE51226FAA8CB00B81A3C = {
			isa = PBXGroup;
			children = (
				C66AE51D26FAA8CB00B81A3C /* note_RMG_iOS */,
				C66AE51C26FAA8CB00B81A3C /* Products */,
			);
			sourceTree = "<group>";
		};
		C66AE51C26FAA8CB00B81A3C /* Products */ = {
			isa = PBXGroup;
			children = (
				C66AE51B26FAA8CB00B81A3C /* note_RMG_iOS.app */,
			);
			name = Products;
			sourceTree = "<group>";
		};
		C66AE51D26FAA8CB00B81A3C /* note_RMG_iOS */ = {
			isa = PBXGroup;
			children = (
				157D54FA26FAD34F00F37078 /* Helper */,
				157D54F626FAB84F00F37078 /* Class */,
				157D54F526FAB62300F37078 /* Controller */,
				157D54F426FAB60600F37078 /* Model */,
				F971DF7726FABF1000C3B052 /* xib */,
				C66AE52F26FAA8CD00B81A3C /* Info.plist */,
				157D54F326FAB5F300F37078 /* View */,
				157D54F226FAB5D700F37078 /* SupportingFiles */,
				C66AE53526FAD0B400B81A3C /* CoreData.swift */,
			);
			path = note_RMG_iOS;
			sourceTree = "<group>";
		};
		F971DF7726FABF1000C3B052 /* xib */ = {
			isa = PBXGroup;
			children = (
				F971DF7826FABF1000C3B052 /* SubjectCollectionCell.swift */,
				F971DF7926FABF1000C3B052 /* SubjectCollectionCell.xib */,
			);
			path = xib;
			sourceTree = "<group>";
		};
/* End PBXGroup section */

/* Begin PBXNativeTarget section */
		C66AE51A26FAA8CB00B81A3C /* note_RMG_iOS */ = {
			isa = PBXNativeTarget;
			buildConfigurationList = C66AE53226FAA8CD00B81A3C /* Build configuration list for PBXNativeTarget "note_RMG_iOS" */;
			buildPhases = (
				C66AE51726FAA8CB00B81A3C /* Sources */,
				C66AE51826FAA8CB00B81A3C /* Frameworks */,
				C66AE51926FAA8CB00B81A3C /* Resources */,
			);
			buildRules = (
			);
			dependencies = (
			);
			name = note_RMG_iOS;
			productName = note_RMG_iOS;
			productReference = C66AE51B26FAA8CB00B81A3C /* note_RMG_iOS.app */;
			productType = "com.apple.product-type.application";
		};
/* End PBXNativeTarget section */

/* Begin PBXProject section */
		C66AE51326FAA8CB00B81A3C /* Project object */ = {
			isa = PBXProject;
			attributes = {
				LastSwiftUpdateCheck = 1250;
				LastUpgradeCheck = 1250;
				TargetAttributes = {
					C66AE51A26FAA8CB00B81A3C = {
						CreatedOnToolsVersion = 12.5.1;
					};
				};
			};
			buildConfigurationList = C66AE51626FAA8CB00B81A3C /* Build configuration list for PBXProject "note_RMG_iOS" */;
			compatibilityVersion = "Xcode 9.3";
			developmentRegion = en;
			hasScannedForEncodings = 0;
			knownRegions = (
				en,
				Base,
			);
			mainGroup = C66AE51226FAA8CB00B81A3C;
			productRefGroup = C66AE51C26FAA8CB00B81A3C /* Products */;
			projectDirPath = "";
			projectRoot = "";
			targets = (
				C66AE51A26FAA8CB00B81A3C /* note_RMG_iOS */,
			);
		};
/* End PBXProject section */

/* Begin PBXResourcesBuildPhase section */
		C66AE51926FAA8CB00B81A3C /* Resources */ = {
			isa = PBXResourcesBuildPhase;
			buildActionMask = 2147483647;
			files = (
				C66AE52E26FAA8CD00B81A3C /* LaunchScreen.storyboard in Resources */,
				C66AE52B26FAA8CD00B81A3C /* Assets.xcassets in Resources */,
				C66AE52626FAA8CB00B81A3C /* Main.storyboard in Resources */,
			);
			runOnlyForDeploymentPostprocessing = 0;
		};
/* End PBXResourcesBuildPhase section */

/* Begin PBXSourcesBuildPhase section */
		C66AE51726FAA8CB00B81A3C /* Sources */ = {
			isa = PBXSourcesBuildPhase;
			buildActionMask = 2147483647;
			files = (
				F971DF6E26FABCA600C3B052 /* SubjectViewController.swift in Sources */,
				157D54F826FAB8A200F37078 /* SubjectModel.swift in Sources */,
				C66AE51F26FAA8CB00B81A3C /* AppDelegate.swift in Sources */,
				157D54FC26FAD38700F37078 /* extension.swift in Sources */,
				F971DF7E26FACA1300C3B052 /* SubjectCollectionCell.swift in Sources */,
				C66AE53626FAD0B400B81A3C /* CoreData.swift in Sources */,
				C66AE52926FAA8CB00B81A3C /* note_RMG_iOS.xcdatamodeld in Sources */,
				C66AE52126FAA8CB00B81A3C /* SceneDelegate.swift in Sources */,
				F971DF7D26FAC6EA00C3B052 /* Helper.swift in Sources */,
			);
			runOnlyForDeploymentPostprocessing = 0;
		};
/* End PBXSourcesBuildPhase section */

/* Begin PBXVariantGroup section */
		C66AE52426FAA8CB00B81A3C /* Main.storyboard */ = {
			isa = PBXVariantGroup;
			children = (
				C66AE52526FAA8CB00B81A3C /* Base */,
			);
			name = Main.storyboard;
			sourceTree = "<group>";
		};
		C66AE52C26FAA8CD00B81A3C /* LaunchScreen.storyboard */ = {
			isa = PBXVariantGroup;
			children = (
				C66AE52D26FAA8CD00B81A3C /* Base */,
			);
			name = LaunchScreen.storyboard;
			sourceTree = "<group>";
		};
/* End PBXVariantGroup section */

/* Begin XCBuildConfiguration section */
		C66AE53026FAA8CD00B81A3C /* Debug */ = {
			isa = XCBuildConfiguration;
			buildSettings = {
				ALWAYS_SEARCH_USER_PATHS = NO;
				CLANG_ANALYZER_NONNULL = YES;
				CLANG_ANALYZER_NUMBER_OBJECT_CONVERSION = YES_AGGRESSIVE;
				CLANG_CXX_LANGUAGE_STANDARD = "gnu++14";
				CLANG_CXX_LIBRARY = "libc++";
				CLANG_ENABLE_MODULES = YES;
				CLANG_ENABLE_OBJC_ARC = YES;
				CLANG_ENABLE_OBJC_WEAK = YES;
				CLANG_WARN_BLOCK_CAPTURE_AUTORELEASING = YES;
				CLANG_WARN_BOOL_CONVERSION = YES;
				CLANG_WARN_COMMA = YES;
				CLANG_WARN_CONSTANT_CONVERSION = YES;
				CLANG_WARN_DEPRECATED_OBJC_IMPLEMENTATIONS = YES;
				CLANG_WARN_DIRECT_OBJC_ISA_USAGE = YES_ERROR;
				CLANG_WARN_DOCUMENTATION_COMMENTS = YES;
				CLANG_WARN_EMPTY_BODY = YES;
				CLANG_WARN_ENUM_CONVERSION = YES;
				CLANG_WARN_INFINITE_RECURSION = YES;
				CLANG_WARN_INT_CONVERSION = YES;
				CLANG_WARN_NON_LITERAL_NULL_CONVERSION = YES;
				CLANG_WARN_OBJC_IMPLICIT_RETAIN_SELF = YES;
				CLANG_WARN_OBJC_LITERAL_CONVERSION = YES;
				CLANG_WARN_OBJC_ROOT_CLASS = YES_ERROR;
				CLANG_WARN_QUOTED_INCLUDE_IN_FRAMEWORK_HEADER = YES;
				CLANG_WARN_RANGE_LOOP_ANALYSIS = YES;
				CLANG_WARN_STRICT_PROTOTYPES = YES;
				CLANG_WARN_SUSPICIOUS_MOVE = YES;
				CLANG_WARN_UNGUARDED_AVAILABILITY = YES_AGGRESSIVE;
				CLANG_WARN_UNREACHABLE_CODE = YES;
				CLANG_WARN__DUPLICATE_METHOD_MATCH = YES;
				COPY_PHASE_STRIP = NO;
				DEBUG_INFORMATION_FORMAT = dwarf;
				ENABLE_STRICT_OBJC_MSGSEND = YES;
				ENABLE_TESTABILITY = YES;
				GCC_C_LANGUAGE_STANDARD = gnu11;
				GCC_DYNAMIC_NO_PIC = NO;
				GCC_NO_COMMON_BLOCKS = YES;
				GCC_OPTIMIZATION_LEVEL = 0;
				GCC_PREPROCESSOR_DEFINITIONS = (
					"DEBUG=1",
					"$(inherited)",
				);
				GCC_WARN_64_TO_32_BIT_CONVERSION = YES;
				GCC_WARN_ABOUT_RETURN_TYPE = YES_ERROR;
				GCC_WARN_UNDECLARED_SELECTOR = YES;
				GCC_WARN_UNINITIALIZED_AUTOS = YES_AGGRESSIVE;
				GCC_WARN_UNUSED_FUNCTION = YES;
				GCC_WARN_UNUSED_VARIABLE = YES;
				IPHONEOS_DEPLOYMENT_TARGET = 14.5;
				MTL_ENABLE_DEBUG_INFO = INCLUDE_SOURCE;
				MTL_FAST_MATH = YES;
				ONLY_ACTIVE_ARCH = YES;
				SDKROOT = iphoneos;
				SWIFT_ACTIVE_COMPILATION_CONDITIONS = DEBUG;
				SWIFT_OPTIMIZATION_LEVEL = "-Onone";
			};
			name = Debug;
		};
		C66AE53126FAA8CD00B81A3C /* Release */ = {
			isa = XCBuildConfiguration;
			buildSettings = {
				ALWAYS_SEARCH_USER_PATHS = NO;
				CLANG_ANALYZER_NONNULL = YES;
				CLANG_ANALYZER_NUMBER_OBJECT_CONVERSION = YES_AGGRESSIVE;
				CLANG_CXX_LANGUAGE_STANDARD = "gnu++14";
				CLANG_CXX_LIBRARY = "libc++";
				CLANG_ENABLE_MODULES = YES;
				CLANG_ENABLE_OBJC_ARC = YES;
				CLANG_ENABLE_OBJC_WEAK = YES;
				CLANG_WARN_BLOCK_CAPTURE_AUTORELEASING = YES;
				CLANG_WARN_BOOL_CONVERSION = YES;
				CLANG_WARN_COMMA = YES;
				CLANG_WARN_CONSTANT_CONVERSION = YES;
				CLANG_WARN_DEPRECATED_OBJC_IMPLEMENTATIONS = YES;
				CLANG_WARN_DIRECT_OBJC_ISA_USAGE = YES_ERROR;
				CLANG_WARN_DOCUMENTATION_COMMENTS = YES;
				CLANG_WARN_EMPTY_BODY = YES;
				CLANG_WARN_ENUM_CONVERSION = YES;
				CLANG_WARN_INFINITE_RECURSION = YES;
				CLANG_WARN_INT_CONVERSION = YES;
				CLANG_WARN_NON_LITERAL_NULL_CONVERSION = YES;
				CLANG_WARN_OBJC_IMPLICIT_RETAIN_SELF = YES;
				CLANG_WARN_OBJC_LITERAL_CONVERSION = YES;
				CLANG_WARN_OBJC_ROOT_CLASS = YES_ERROR;
				CLANG_WARN_QUOTED_INCLUDE_IN_FRAMEWORK_HEADER = YES;
				CLANG_WARN_RANGE_LOOP_ANALYSIS = YES;
				CLANG_WARN_STRICT_PROTOTYPES = YES;
				CLANG_WARN_SUSPICIOUS_MOVE = YES;
				CLANG_WARN_UNGUARDED_AVAILABILITY = YES_AGGRESSIVE;
				CLANG_WARN_UNREACHABLE_CODE = YES;
				CLANG_WARN__DUPLICATE_METHOD_MATCH = YES;
				COPY_PHASE_STRIP = NO;
				DEBUG_INFORMATION_FORMAT = "dwarf-with-dsym";
				ENABLE_NS_ASSERTIONS = NO;
				ENABLE_STRICT_OBJC_MSGSEND = YES;
				GCC_C_LANGUAGE_STANDARD = gnu11;
				GCC_NO_COMMON_BLOCKS = YES;
				GCC_WARN_64_TO_32_BIT_CONVERSION = YES;
				GCC_WARN_ABOUT_RETURN_TYPE = YES_ERROR;
				GCC_WARN_UNDECLARED_SELECTOR = YES;
				GCC_WARN_UNINITIALIZED_AUTOS = YES_AGGRESSIVE;
				GCC_WARN_UNUSED_FUNCTION = YES;
				GCC_WARN_UNUSED_VARIABLE = YES;
				IPHONEOS_DEPLOYMENT_TARGET = 14.5;
				MTL_ENABLE_DEBUG_INFO = NO;
				MTL_FAST_MATH = YES;
				SDKROOT = iphoneos;
				SWIFT_COMPILATION_MODE = wholemodule;
				SWIFT_OPTIMIZATION_LEVEL = "-O";
				VALIDATE_PRODUCT = YES;
			};
			name = Release;
		};
		C66AE53326FAA8CD00B81A3C /* Debug */ = {
			isa = XCBuildConfiguration;
			buildSettings = {
				ASSETCATALOG_COMPILER_APPICON_NAME = AppIcon;
				ASSETCATALOG_COMPILER_GLOBAL_ACCENT_COLOR_NAME = AccentColor;
				CODE_SIGN_STYLE = Automatic;
				INFOPLIST_FILE = note_RMG_iOS/Info.plist;
				LD_RUNPATH_SEARCH_PATHS = (
					"$(inherited)",
					"@executable_path/Frameworks",
				);
				PRODUCT_BUNDLE_IDENTIFIER = "com.RitrajSingh.note-RMG-iOS";
				PRODUCT_NAME = "$(TARGET_NAME)";
				SWIFT_VERSION = 5.0;
				TARGETED_DEVICE_FAMILY = "1,2";
			};
			name = Debug;
		};
		C66AE53426FAA8CD00B81A3C /* Release */ = {
			isa = XCBuildConfiguration;
			buildSettings = {
				ASSETCATALOG_COMPILER_APPICON_NAME = AppIcon;
				ASSETCATALOG_COMPILER_GLOBAL_ACCENT_COLOR_NAME = AccentColor;
				CODE_SIGN_STYLE = Automatic;
				INFOPLIST_FILE = note_RMG_iOS/Info.plist;
				LD_RUNPATH_SEARCH_PATHS = (
					"$(inherited)",
					"@executable_path/Frameworks",
				);
				PRODUCT_BUNDLE_IDENTIFIER = "com.RitrajSingh.note-RMG-iOS";
				PRODUCT_NAME = "$(TARGET_NAME)";
				SWIFT_VERSION = 5.0;
				TARGETED_DEVICE_FAMILY = "1,2";
			};
			name = Release;
		};
/* End XCBuildConfiguration section */

/* Begin XCConfigurationList section */
		C66AE51626FAA8CB00B81A3C /* Build configuration list for PBXProject "note_RMG_iOS" */ = {
			isa = XCConfigurationList;
			buildConfigurations = (
				C66AE53026FAA8CD00B81A3C /* Debug */,
				C66AE53126FAA8CD00B81A3C /* Release */,
			);
			defaultConfigurationIsVisible = 0;
			defaultConfigurationName = Release;
		};
		C66AE53226FAA8CD00B81A3C /* Build configuration list for PBXNativeTarget "note_RMG_iOS" */ = {
			isa = XCConfigurationList;
			buildConfigurations = (
				C66AE53326FAA8CD00B81A3C /* Debug */,
				C66AE53426FAA8CD00B81A3C /* Release */,
			);
			defaultConfigurationIsVisible = 0;
			defaultConfigurationName = Release;
		};
/* End XCConfigurationList section */

/* Begin XCVersionGroup section */
		C66AE52726FAA8CB00B81A3C /* note_RMG_iOS.xcdatamodeld */ = {
			isa = XCVersionGroup;
			children = (
				C66AE52826FAA8CB00B81A3C /* note_RMG_iOS.xcdatamodel */,
			);
			currentVersion = C66AE52826FAA8CB00B81A3C /* note_RMG_iOS.xcdatamodel */;
			path = note_RMG_iOS.xcdatamodeld;
			sourceTree = "<group>";
			versionGroupType = wrapper.xcdatamodel;
		};
/* End XCVersionGroup section */
	};
	rootObject = C66AE51326FAA8CB00B81A3C /* Project object */;
}
